
Microsoft Visual Studio Solution File, Format Version 12.00
# Visual Studio 15
VisualStudioVersion = 15.0.28307.168
MinimumVisualStudioVersion = 10.0.40219.1
Project("{FAE04EC0-301F-11D3-BF4B-00C04F79EFBC}") = "RestSharpZipkin", "RestSharpZipkin\RestSharpZipkin.csproj", "{9C11B31E-42E2-4935-A409-EE03B583C822}"
EndProject
Global
	GlobalSection(SolutionConfigurationPlatforms) = preSolution
		Debug|Any CPU = Debug|Any CPU
		Release|Any CPU = Release|Any CPU
	EndGlobalSection
	GlobalSection(ProjectConfigurationPlatforms) = postSolution
		{9C11B31E-42E2-4935-A409-EE03B583C822}.Debug|Any CPU.ActiveCfg = Debug|Any CPU
		{9C11B31E-42E2-4935-A409-EE03B583C822}.Debug|Any CPU.Build.0 = Debug|Any CPU
		{9C11B31E-42E2-4935-A409-EE03B583C822}.Release|Any CPU.ActiveCfg = Release|Any CPU
		{9C11B31E-42E2-4935-A409-EE03B583C822}.Release|Any CPU.Build.0 = Release|Any CPU
	EndGlobalSection
	GlobalSection(SolutionProperties) = preSolution
		HideSolutionNode = FALSE
	EndGlobalSection
	GlobalSection(ExtensibilityGlobals) = postSolution
		SolutionGuid = {6551A8BD-9546-4E55-9794-417AE507FC96}
	EndGlobalSection
EndGlobal
